
Microsoft Visual Studio Solution File, Format Version 12.00
# Visual Studio 14
VisualStudioVersion = 14.0.23107.0
MinimumVisualStudioVersion = 10.0.40219.1
Project("{FAE04EC0-301F-11D3-BF4B-00C04F79EFBC}") = "DiplomaDataModel", "DiplomaDataModel\DiplomaDataModel.csproj", "{7007FEF5-2163-4D7D-BC38-EE4CE6E11D5C}"
EndProject
Project("{FAE04EC0-301F-11D3-BF4B-00C04F79EFBC}") = "OptionsWebSite", "OptionsWebSite\OptionsWebSite.csproj", "{F6E70D31-5454-495D-96A6-70C48D0FCFD2}"
EndProject
Project("{FAE04EC0-301F-11D3-BF4B-00C04F79EFBC}") = "OptionsApi", "OptionsApi\OptionsApi.csproj", "{A18E7FA3-7963-4B93-A65F-9F0F0A18EB4F}"
EndProject
Global
	GlobalSection(SolutionConfigurationPlatforms) = preSolution
		Debug|Any CPU = Debug|Any CPU
		Release|Any CPU = Release|Any CPU
	EndGlobalSection
	GlobalSection(ProjectConfigurationPlatforms) = postSolution
		{7007FEF5-2163-4D7D-BC38-EE4CE6E11D5C}.Debug|Any CPU.ActiveCfg = Debug|Any CPU
		{7007FEF5-2163-4D7D-BC38-EE4CE6E11D5C}.Debug|Any CPU.Build.0 = Debug|Any CPU
		{7007FEF5-2163-4D7D-BC38-EE4CE6E11D5C}.Debug|Any CPU.Deploy.0 = Debug|Any CPU
		{7007FEF5-2163-4D7D-BC38-EE4CE6E11D5C}.Release|Any CPU.ActiveCfg = Release|Any CPU
		{7007FEF5-2163-4D7D-BC38-EE4CE6E11D5C}.Release|Any CPU.Build.0 = Release|Any CPU
		{F6E70D31-5454-495D-96A6-70C48D0FCFD2}.Debug|Any CPU.ActiveCfg = Debug|Any CPU
		{F6E70D31-5454-495D-96A6-70C48D0FCFD2}.Debug|Any CPU.Build.0 = Debug|Any CPU
		{F6E70D31-5454-495D-96A6-70C48D0FCFD2}.Debug|Any CPU.Deploy.0 = Debug|Any CPU
		{F6E70D31-5454-495D-96A6-70C48D0FCFD2}.Release|Any CPU.ActiveCfg = Release|Any CPU
		{F6E70D31-5454-495D-96A6-70C48D0FCFD2}.Release|Any CPU.Build.0 = Release|Any CPU
		{A18E7FA3-7963-4B93-A65F-9F0F0A18EB4F}.Debug|Any CPU.ActiveCfg = Debug|Any CPU
		{A18E7FA3-7963-4B93-A65F-9F0F0A18EB4F}.Debug|Any CPU.Build.0 = Debug|Any CPU
		{A18E7FA3-7963-4B93-A65F-9F0F0A18EB4F}.Release|Any CPU.ActiveCfg = Release|Any CPU
		{A18E7FA3-7963-4B93-A65F-9F0F0A18EB4F}.Release|Any CPU.Build.0 = Release|Any CPU
	EndGlobalSection
	GlobalSection(SolutionProperties) = preSolution
		HideSolutionNode = FALSE
	EndGlobalSection
EndGlobal
